
Microsoft Visual Studio Solution File, Format Version 12.00
# Visual Studio 15
VisualStudioVersion = 15.0.27703.2042
MinimumVisualStudioVersion = 10.0.40219.1
Project("{FAE04EC0-301F-11D3-BF4B-00C04F79EFBC}") = "MMView", "MMView\MMView.csproj", "{DAFB216F-7790-4BB3-B968-56BB9D42FF5D}"
EndProject
Project("{FAE04EC0-301F-11D3-BF4B-00C04F79EFBC}") = "MMWebView", "MMWebView\MMWebView.csproj", "{476AE8FE-2374-4D0C-B033-1118505B3BCD}"
EndProject
Global
	GlobalSection(SolutionConfigurationPlatforms) = preSolution
		Debug|Any CPU = Debug|Any CPU
		Release|Any CPU = Release|Any CPU
	EndGlobalSection
	GlobalSection(ProjectConfigurationPlatforms) = postSolution
		{DAFB216F-7790-4BB3-B968-56BB9D42FF5D}.Debug|Any CPU.ActiveCfg = Debug|Any CPU
		{DAFB216F-7790-4BB3-B968-56BB9D42FF5D}.Debug|Any CPU.Build.0 = Debug|Any CPU
		{DAFB216F-7790-4BB3-B968-56BB9D42FF5D}.Release|Any CPU.ActiveCfg = Release|Any CPU
		{DAFB216F-7790-4BB3-B968-56BB9D42FF5D}.Release|Any CPU.Build.0 = Release|Any CPU
		{476AE8FE-2374-4D0C-B033-1118505B3BCD}.Debug|Any CPU.ActiveCfg = Debug|Any CPU
		{476AE8FE-2374-4D0C-B033-1118505B3BCD}.Debug|Any CPU.Build.0 = Debug|Any CPU
		{476AE8FE-2374-4D0C-B033-1118505B3BCD}.Release|Any CPU.ActiveCfg = Release|Any CPU
		{476AE8FE-2374-4D0C-B033-1118505B3BCD}.Release|Any CPU.Build.0 = Release|Any CPU
	EndGlobalSection
	GlobalSection(SolutionProperties) = preSolution
		HideSolutionNode = FALSE
	EndGlobalSection
	GlobalSection(ExtensibilityGlobals) = postSolution
		SolutionGuid = {79C47121-87B8-435F-9569-2D3F1013B9C4}
	EndGlobalSection
EndGlobal
